
Microsoft Visual Studio Solution File, Format Version 12.00
# Visual Studio Version 17
VisualStudioVersion = 17.7.34024.191
MinimumVisualStudioVersion = 10.0.40219.1
Project("{FAE04EC0-301F-11D3-BF4B-00C04F79EFBC}") = "Fahrgemeinschaft", "Fahrgemeinschaft\Fahrgemeinschaft.csproj", "{928CE515-507D-40A3-9113-6FFF19B6E790}"
EndProject
Global
	GlobalSection(SolutionConfigurationPlatforms) = preSolution
		Debug|Any CPU = Debug|Any CPU
		Release|Any CPU = Release|Any CPU
	EndGlobalSection
	GlobalSection(ProjectConfigurationPlatforms) = postSolution
		{928CE515-507D-40A3-9113-6FFF19B6E790}.Debug|Any CPU.ActiveCfg = Debug|Any CPU
		{928CE515-507D-40A3-9113-6FFF19B6E790}.Debug|Any CPU.Build.0 = Debug|Any CPU
		{928CE515-507D-40A3-9113-6FFF19B6E790}.Release|Any CPU.ActiveCfg = Release|Any CPU
		{928CE515-507D-40A3-9113-6FFF19B6E790}.Release|Any CPU.Build.0 = Release|Any CPU
	EndGlobalSection
	GlobalSection(SolutionProperties) = preSolution
		HideSolutionNode = FALSE
	EndGlobalSection
	GlobalSection(ExtensibilityGlobals) = postSolution
		SolutionGuid = {B813A9C2-333D-4A4A-A4AB-8A738C89BAD0}
	EndGlobalSection
EndGlobal
